// !$*UTF8*$!
{
	archiveVersion = 1;
	classes = {
	};
	objectVersion = 46;
	objects = {

/* Begin PBXBuildFile section */
		842211231E96002000F38BB8 /* AppDelegate.swift in Sources */ = {isa = PBXBuildFile; fileRef = 842211221E96002000F38BB8 /* AppDelegate.swift */; };
		842211251E96002000F38BB8 /* ViewController.swift in Sources */ = {isa = PBXBuildFile; fileRef = 842211241E96002000F38BB8 /* ViewController.swift */; };
		842211281E96002000F38BB8 /* Main.storyboard in Resources */ = {isa = PBXBuildFile; fileRef = 842211261E96002000F38BB8 /* Main.storyboard */; };
		8422112B1E96002000F38BB8 /* Poke_mon_Go.xcdatamodeld in Sources */ = {isa = PBXBuildFile; fileRef = 842211291E96002000F38BB8 /* Poke_mon_Go.xcdatamodeld */; };
		8422112D1E96002000F38BB8 /* Assets.xcassets in Resources */ = {isa = PBXBuildFile; fileRef = 8422112C1E96002000F38BB8 /* Assets.xcassets */; };
		842211301E96002000F38BB8 /* LaunchScreen.storyboard in Resources */ = {isa = PBXBuildFile; fileRef = 8422112E1E96002000F38BB8 /* LaunchScreen.storyboard */; };
		842211391E96011700F38BB8 /* MapKit.framework in Frameworks */ = {isa = PBXBuildFile; fileRef = 842211381E96011700F38BB8 /* MapKit.framework */; };
		84A4E5C11E976534003F6CEC /* BattleScene.swift in Sources */ = {isa = PBXBuildFile; fileRef = 84A4E5C01E976534003F6CEC /* BattleScene.swift */; };
		84A4E5C31E976553003F6CEC /* BattleViewController.swift in Sources */ = {isa = PBXBuildFile; fileRef = 84A4E5C21E976553003F6CEC /* BattleViewController.swift */; };
		84C02DBF1E963F5300C05289 /* PokedexViewController.swift in Sources */ = {isa = PBXBuildFile; fileRef = 84C02DBE1E963F5300C05289 /* PokedexViewController.swift */; };
		84C02DC11E96458F00C05289 /* CDHelper.swift in Sources */ = {isa = PBXBuildFile; fileRef = 84C02DC01E96458F00C05289 /* CDHelper.swift */; };
		84C02DC31E965CAB00C05289 /* PokemonAnnotation.swift in Sources */ = {isa = PBXBuildFile; fileRef = 84C02DC21E965CAB00C05289 /* PokemonAnnotation.swift */; };
/* End PBXBuildFile section */

/* Begin PBXFileReference section */
		8422111F1E96002000F38BB8 /* Pokémon Go.app */ = {isa = PBXFileReference; explicitFileType = wrapper.application; includeInIndex = 0; path = "Pokémon Go.app"; sourceTree = BUILT_PRODUCTS_DIR; };
		842211221E96002000F38BB8 /* AppDelegate.swift */ = {isa = PBXFileReference; lastKnownFileType = sourcecode.swift; path = AppDelegate.swift; sourceTree = "<group>"; };
		842211241E96002000F38BB8 /* ViewController.swift */ = {isa = PBXFileReference; lastKnownFileType = sourcecode.swift; name = ViewController.swift; path = "Pokémon Go/ViewController.swift"; sourceTree = "<group>"; };
		842211271E96002000F38BB8 /* Base */ = {isa = PBXFileReference; lastKnownFileType = file.storyboard; name = Base; path = Base.lproj/Main.storyboard; sourceTree = "<group>"; };
		8422112A1E96002000F38BB8 /* Poke_mon_Go.xcdatamodel */ = {isa = PBXFileReference; lastKnownFileType = wrapper.xcdatamodel; path = Poke_mon_Go.xcdatamodel; sourceTree = "<group>"; };
		8422112C1E96002000F38BB8 /* Assets.xcassets */ = {isa = PBXFileReference; lastKnownFileType = folder.assetcatalog; path = Assets.xcassets; sourceTree = "<group>"; };
		8422112F1E96002000F38BB8 /* Base */ = {isa = PBXFileReference; lastKnownFileType = file.storyboard; name = Base; path = Base.lproj/LaunchScreen.storyboard; sourceTree = "<group>"; };
		842211311E96002000F38BB8 /* Info.plist */ = {isa = PBXFileReference; lastKnownFileType = text.plist.xml; path = Info.plist; sourceTree = "<group>"; };
		842211381E96011700F38BB8 /* MapKit.framework */ = {isa = PBXFileReference; lastKnownFileType = wrapper.framework; name = MapKit.framework; path = System/Library/Frameworks/MapKit.framework; sourceTree = SDKROOT; };
		84A4E5C01E976534003F6CEC /* BattleScene.swift */ = {isa = PBXFileReference; fileEncoding = 4; lastKnownFileType = sourcecode.swift; name = BattleScene.swift; path = "Pokémon Go/BattleScene.swift"; sourceTree = "<group>"; };
		84A4E5C21E976553003F6CEC /* BattleViewController.swift */ = {isa = PBXFileReference; fileEncoding = 4; lastKnownFileType = sourcecode.swift; name = BattleViewController.swift; path = "Pokémon Go/BattleViewController.swift"; sourceTree = "<group>"; };
		84C02DBE1E963F5300C05289 /* PokedexViewController.swift */ = {isa = PBXFileReference; fileEncoding = 4; lastKnownFileType = sourcecode.swift; name = PokedexViewController.swift; path = "Pokémon Go/PokedexViewController.swift"; sourceTree = "<group>"; };
		84C02DC01E96458F00C05289 /* CDHelper.swift */ = {isa = PBXFileReference; fileEncoding = 4; lastKnownFileType = sourcecode.swift; name = CDHelper.swift; path = "Pokémon Go/CDHelper.swift"; sourceTree = "<group>"; };
		84C02DC21E965CAB00C05289 /* PokemonAnnotation.swift */ = {isa = PBXFileReference; fileEncoding = 4; lastKnownFileType = sourcecode.swift; name = PokemonAnnotation.swift; path = "Pokémon Go/PokemonAnnotation.swift"; sourceTree = "<group>"; };
/* End PBXFileReference section */

/* Begin PBXFrameworksBuildPhase section */
		8422111C1E96002000F38BB8 /* Frameworks */ = {
			isa = PBXFrameworksBuildPhase;
			buildActionMask = 2147483647;
			files = (
				842211391E96011700F38BB8 /* MapKit.framework in Frameworks */,
			);
			runOnlyForDeploymentPostprocessing = 0;
		};
/* End PBXFrameworksBuildPhase section */

/* Begin PBXGroup section */
		842211161E96002000F38BB8 = {
			isa = PBXGroup;
			children = (
				8491916B1E978A96006D2475 /* Controller */,
				8491916A1E978A86006D2475 /* View */,
				849191691E978A80006D2475 /* Model */,
				842211211E96002000F38BB8 /* Pokémon Go */,
				842211201E96002000F38BB8 /* Products */,
				842211371E96011700F38BB8 /* Frameworks */,
			);
			sourceTree = "<group>";
		};
		842211201E96002000F38BB8 /* Products */ = {
			isa = PBXGroup;
			children = (
				8422111F1E96002000F38BB8 /* Pokémon Go.app */,
			);
			name = Products;
			sourceTree = "<group>";
		};
		842211211E96002000F38BB8 /* Pokémon Go */ = {
			isa = PBXGroup;
			children = (
				842211221E96002000F38BB8 /* AppDelegate.swift */,
				842211261E96002000F38BB8 /* Main.storyboard */,
				8422112C1E96002000F38BB8 /* Assets.xcassets */,
				8422112E1E96002000F38BB8 /* LaunchScreen.storyboard */,
				842211311E96002000F38BB8 /* Info.plist */,
				842211291E96002000F38BB8 /* Poke_mon_Go.xcdatamodeld */,
			);
			path = "Pokémon Go";
			sourceTree = "<group>";
		};
		842211371E96011700F38BB8 /* Frameworks */ = {
			isa = PBXGroup;
			children = (
				842211381E96011700F38BB8 /* MapKit.framework */,
			);
			name = Frameworks;
			sourceTree = "<group>";
		};
		849191691E978A80006D2475 /* Model */ = {
			isa = PBXGroup;
			children = (
				84A4E5C01E976534003F6CEC /* BattleScene.swift */,
				84C02DC01E96458F00C05289 /* CDHelper.swift */,
			);
			name = Model;
			sourceTree = "<group>";
		};
		8491916A1E978A86006D2475 /* View */ = {
			isa = PBXGroup;
			children = (
				84C02DC21E965CAB00C05289 /* PokemonAnnotation.swift */,
			);
			name = View;
			sourceTree = "<group>";
		};
		8491916B1E978A96006D2475 /* Controller */ = {
			isa = PBXGroup;
			children = (
				84A4E5C21E976553003F6CEC /* BattleViewController.swift */,
				84C02DBE1E963F5300C05289 /* PokedexViewController.swift */,
				842211241E96002000F38BB8 /* ViewController.swift */,
			);
			name = Controller;
			sourceTree = "<group>";
		};
/* End PBXGroup section */

/* Begin PBXNativeTarget section */
		8422111E1E96002000F38BB8 /* Pokémon Go */ = {
			isa = PBXNativeTarget;
			buildConfigurationList = 842211341E96002000F38BB8 /* Build configuration list for PBXNativeTarget "Pokémon Go" */;
			buildPhases = (
				8422111B1E96002000F38BB8 /* Sources */,
				8422111C1E96002000F38BB8 /* Frameworks */,
				8422111D1E96002000F38BB8 /* Resources */,
			);
			buildRules = (
			);
			dependencies = (
			);
			name = "Pokémon Go";
			productName = "Pokémon Go";
			productReference = 8422111F1E96002000F38BB8 /* Pokémon Go.app */;
			productType = "com.apple.product-type.application";
		};
/* End PBXNativeTarget section */

/* Begin PBXProject section */
		842211171E96002000F38BB8 /* Project object */ = {
			isa = PBXProject;
			attributes = {
				LastSwiftUpdateCheck = 0830;
				LastUpgradeCheck = 0830;
				ORGANIZATIONNAME = ACE;
				TargetAttributes = {
					8422111E1E96002000F38BB8 = {
						CreatedOnToolsVersion = 8.3;
						ProvisioningStyle = Automatic;
					};
				};
			};
			buildConfigurationList = 8422111A1E96002000F38BB8 /* Build configuration list for PBXProject "Pokémon Go" */;
			compatibilityVersion = "Xcode 3.2";
			developmentRegion = English;
			hasScannedForEncodings = 0;
			knownRegions = (
				en,
				Base,
			);
			mainGroup = 842211161E96002000F38BB8;
			productRefGroup = 842211201E96002000F38BB8 /* Products */;
			projectDirPath = "";
			projectRoot = "";
			targets = (
				8422111E1E96002000F38BB8 /* Pokémon Go */,
			);
		};
/* End PBXProject section */

/* Begin PBXResourcesBuildPhase section */
		8422111D1E96002000F38BB8 /* Resources */ = {
			isa = PBXResourcesBuildPhase;
			buildActionMask = 2147483647;
			files = (
				842211301E96002000F38BB8 /* LaunchScreen.storyboard in Resources */,
				8422112D1E96002000F38BB8 /* Assets.xcassets in Resources */,
				842211281E96002000F38BB8 /* Main.storyboard in Resources */,
			);
			runOnlyForDeploymentPostprocessing = 0;
		};
/* End PBXResourcesBuildPhase section */

/* Begin PBXSourcesBuildPhase section */
		8422111B1E96002000F38BB8 /* Sources */ = {
			isa = PBXSourcesBuildPhase;
			buildActionMask = 2147483647;
			files = (
				84A4E5C31E976553003F6CEC /* BattleViewController.swift in Sources */,
				842211251E96002000F38BB8 /* ViewController.swift in Sources */,
				84C02DC11E96458F00C05289 /* CDHelper.swift in Sources */,
				84C02DBF1E963F5300C05289 /* PokedexViewController.swift in Sources */,
				8422112B1E96002000F38BB8 /* Poke_mon_Go.xcdatamodeld in Sources */,
				84C02DC31E965CAB00C05289 /* PokemonAnnotation.swift in Sources */,
				84A4E5C11E976534003F6CEC /* BattleScene.swift in Sources */,
				842211231E96002000F38BB8 /* AppDelegate.swift in Sources */,
			);
			runOnlyForDeploymentPostprocessing = 0;
		};
/* End PBXSourcesBuildPhase section */

/* Begin PBXVariantGroup section */
		842211261E96002000F38BB8 /* Main.storyboard */ = {
			isa = PBXVariantGroup;
			children = (
				842211271E96002000F38BB8 /* Base */,
			);
			name = Main.storyboard;
			sourceTree = "<group>";
		};
		8422112E1E96002000F38BB8 /* LaunchScreen.storyboard */ = {
			isa = PBXVariantGroup;
			children = (
				8422112F1E96002000F38BB8 /* Base */,
			);
			name = LaunchScreen.storyboard;
			sourceTree = "<group>";
		};
/* End PBXVariantGroup section */

/* Begin XCBuildConfiguration section */
		842211321E96002000F38BB8 /* Debug */ = {
			isa = XCBuildConfiguration;
			buildSettings = {
				ALWAYS_SEARCH_USER_PATHS = NO;
				CLANG_ANALYZER_NONNULL = YES;
				CLANG_ANALYZER_NUMBER_OBJECT_CONVERSION = YES_AGGRESSIVE;
				CLANG_CXX_LANGUAGE_STANDARD = "gnu++0x";
				CLANG_CXX_LIBRARY = "libc++";
				CLANG_ENABLE_MODULES = YES;
				CLANG_ENABLE_OBJC_ARC = YES;
				CLANG_WARN_BOOL_CONVERSION = YES;
				CLANG_WARN_CONSTANT_CONVERSION = YES;
				CLANG_WARN_DIRECT_OBJC_ISA_USAGE = YES_ERROR;
				CLANG_WARN_DOCUMENTATION_COMMENTS = YES;
				CLANG_WARN_EMPTY_BODY = YES;
				CLANG_WARN_ENUM_CONVERSION = YES;
				CLANG_WARN_INFINITE_RECURSION = YES;
				CLANG_WARN_INT_CONVERSION = YES;
				CLANG_WARN_OBJC_ROOT_CLASS = YES_ERROR;
				CLANG_WARN_SUSPICIOUS_MOVE = YES;
				CLANG_WARN_UNREACHABLE_CODE = YES;
				CLANG_WARN__DUPLICATE_METHOD_MATCH = YES;
				"CODE_SIGN_IDENTITY[sdk=iphoneos*]" = "iPhone Developer";
				COPY_PHASE_STRIP = NO;
				DEBUG_INFORMATION_FORMAT = dwarf;
				ENABLE_STRICT_OBJC_MSGSEND = YES;
				ENABLE_TESTABILITY = YES;
				GCC_C_LANGUAGE_STANDARD = gnu99;
				GCC_DYNAMIC_NO_PIC = NO;
				GCC_NO_COMMON_BLOCKS = YES;
				GCC_OPTIMIZATION_LEVEL = 0;
				GCC_PREPROCESSOR_DEFINITIONS = (
					"DEBUG=1",
					"$(inherited)",
				);
				GCC_WARN_64_TO_32_BIT_CONVERSION = YES;
				GCC_WARN_ABOUT_RETURN_TYPE = YES_ERROR;
				GCC_WARN_UNDECLARED_SELECTOR = YES;
				GCC_WARN_UNINITIALIZED_AUTOS = YES_AGGRESSIVE;
				GCC_WARN_UNUSED_FUNCTION = YES;
				GCC_WARN_UNUSED_VARIABLE = YES;
				IPHONEOS_DEPLOYMENT_TARGET = 10.3;
				MTL_ENABLE_DEBUG_INFO = YES;
				ONLY_ACTIVE_ARCH = YES;
				SDKROOT = iphoneos;
				SWIFT_ACTIVE_COMPILATION_CONDITIONS = DEBUG;
				SWIFT_OPTIMIZATION_LEVEL = "-Onone";
			};
			name = Debug;
		};
		842211331E96002000F38BB8 /* Release */ = {
			isa = XCBuildConfiguration;
			buildSettings = {
				ALWAYS_SEARCH_USER_PATHS = NO;
				CLANG_ANALYZER_NONNULL = YES;
				CLANG_ANALYZER_NUMBER_OBJECT_CONVERSION = YES_AGGRESSIVE;
				CLANG_CXX_LANGUAGE_STANDARD = "gnu++0x";
				CLANG_CXX_LIBRARY = "libc++";
				CLANG_ENABLE_MODULES = YES;
				CLANG_ENABLE_OBJC_ARC = YES;
				CLANG_WARN_BOOL_CONVERSION = YES;
				CLANG_WARN_CONSTANT_CONVERSION = YES;
				CLANG_WARN_DIRECT_OBJC_ISA_USAGE = YES_ERROR;
				CLANG_WARN_DOCUMENTATION_COMMENTS = YES;
				CLANG_WARN_EMPTY_BODY = YES;
				CLANG_WARN_ENUM_CONVERSION = YES;
				CLANG_WARN_INFINITE_RECURSION = YES;
				CLANG_WARN_INT_CONVERSION = YES;
				CLANG_WARN_OBJC_ROOT_CLASS = YES_ERROR;
				CLANG_WARN_SUSPICIOUS_MOVE = YES;
				CLANG_WARN_UNREACHABLE_CODE = YES;
				CLANG_WARN__DUPLICATE_METHOD_MATCH = YES;
				"CODE_SIGN_IDENTITY[sdk=iphoneos*]" = "iPhone Developer";
				COPY_PHASE_STRIP = NO;
				DEBUG_INFORMATION_FORMAT = "dwarf-with-dsym";
				ENABLE_NS_ASSERTIONS = NO;
				ENABLE_STRICT_OBJC_MSGSEND = YES;
				GCC_C_LANGUAGE_STANDARD = gnu99;
				GCC_NO_COMMON_BLOCKS = YES;
				GCC_WARN_64_TO_32_BIT_CONVERSION = YES;
				GCC_WARN_ABOUT_RETURN_TYPE = YES_ERROR;
				GCC_WARN_UNDECLARED_SELECTOR = YES;
				GCC_WARN_UNINITIALIZED_AUTOS = YES_AGGRESSIVE;
				GCC_WARN_UNUSED_FUNCTION = YES;
				GCC_WARN_UNUSED_VARIABLE = YES;
				IPHONEOS_DEPLOYMENT_TARGET = 10.3;
				MTL_ENABLE_DEBUG_INFO = NO;
				SDKROOT = iphoneos;
				SWIFT_OPTIMIZATION_LEVEL = "-Owholemodule";
				VALIDATE_PRODUCT = YES;
			};
			name = Release;
		};
		842211351E96002000F38BB8 /* Debug */ = {
			isa = XCBuildConfiguration;
			buildSettings = {
				ASSETCATALOG_COMPILER_APPICON_NAME = AppIcon;
				INFOPLIST_FILE = "Pokémon Go/Info.plist";
				LD_RUNPATH_SEARCH_PATHS = "$(inherited) @executable_path/Frameworks";
				PRODUCT_BUNDLE_IDENTIFIER = "com.atharva.Poke-mon-Go";
				PRODUCT_NAME = "$(TARGET_NAME)";
				SWIFT_VERSION = 3.0;
			};
			name = Debug;
		};
		842211361E96002000F38BB8 /* Release */ = {
			isa = XCBuildConfiguration;
			buildSettings = {
				ASSETCATALOG_COMPILER_APPICON_NAME = AppIcon;
				INFOPLIST_FILE = "Pokémon Go/Info.plist";
				LD_RUNPATH_SEARCH_PATHS = "$(inherited) @executable_path/Frameworks";
				PRODUCT_BUNDLE_IDENTIFIER = "com.atharva.Poke-mon-Go";
				PRODUCT_NAME = "$(TARGET_NAME)";
				SWIFT_VERSION = 3.0;
			};
			name = Release;
		};
/* End XCBuildConfiguration section */

/* Begin XCConfigurationList section */
		8422111A1E96002000F38BB8 /* Build configuration list for PBXProject "Pokémon Go" */ = {
			isa = XCConfigurationList;
			buildConfigurations = (
				842211321E96002000F38BB8 /* Debug */,
				842211331E96002000F38BB8 /* Release */,
			);
			defaultConfigurationIsVisible = 0;
			defaultConfigurationName = Release;
		};
		842211341E96002000F38BB8 /* Build configuration list for PBXNativeTarget "Pokémon Go" */ = {
			isa = XCConfigurationList;
			buildConfigurations = (
				842211351E96002000F38BB8 /* Debug */,
				842211361E96002000F38BB8 /* Release */,
			);
			defaultConfigurationIsVisible = 0;
			defaultConfigurationName = Release;
		};
/* End XCConfigurationList section */

/* Begin XCVersionGroup section */
		842211291E96002000F38BB8 /* Poke_mon_Go.xcdatamodeld */ = {
			isa = XCVersionGroup;
			children = (
				8422112A1E96002000F38BB8 /* Poke_mon_Go.xcdatamodel */,
			);
			currentVersion = 8422112A1E96002000F38BB8 /* Poke_mon_Go.xcdatamodel */;
			path = Poke_mon_Go.xcdatamodeld;
			sourceTree = "<group>";
			versionGroupType = wrapper.xcdatamodel;
		};
/* End XCVersionGroup section */
	};
	rootObject = 842211171E96002000F38BB8 /* Project object */;
}
